
Microsoft Visual Studio Solution File, Format Version 12.00
# Visual Studio Version 17
VisualStudioVersion = 17.9.34728.123
MinimumVisualStudioVersion = 10.0.40219.1
Project("{FAE04EC0-301F-11D3-BF4B-00C04F79EFBC}") = "Persist", "Persist\Persist.csproj", "{1446FCA4-CA57-48C9-85EF-8DDFF17B0871}"
EndProject
Project("{FAE04EC0-301F-11D3-BF4B-00C04F79EFBC}") = "Controllers", "Controllers\Controllers.csproj", "{9469F396-F196-40DD-BC7D-116C63606B89}"
EndProject
Project("{FAE04EC0-301F-11D3-BF4B-00C04F79EFBC}") = "Services", "Services\Services.csproj", "{DB7C6352-38C3-4B44-AAD6-AE82C295279C}"
EndProject
Project("{FAE04EC0-301F-11D3-BF4B-00C04F79EFBC}") = "Repositories", "Repositories\Repositories.csproj", "{624A27B6-9737-4414-A010-A8A25447757D}"
EndProject
Project("{FAE04EC0-301F-11D3-BF4B-00C04F79EFBC}") = "Models", "Models\Models.csproj", "{BA3783C1-EF15-422F-970C-80C85F1251ED}"
EndProject
Project("{FAE04EC0-301F-11D3-BF4B-00C04F79EFBC}") = "Databases", "Databases\Databases.csproj", "{1610B538-DC70-46A3-82B1-A67FB03D4C61}"
EndProject
Global
	GlobalSection(SolutionConfigurationPlatforms) = preSolution
		Debug|Any CPU = Debug|Any CPU
		Release|Any CPU = Release|Any CPU
	EndGlobalSection
	GlobalSection(ProjectConfigurationPlatforms) = postSolution
		{1446FCA4-CA57-48C9-85EF-8DDFF17B0871}.Debug|Any CPU.ActiveCfg = Debug|Any CPU
		{1446FCA4-CA57-48C9-85EF-8DDFF17B0871}.Debug|Any CPU.Build.0 = Debug|Any CPU
		{1446FCA4-CA57-48C9-85EF-8DDFF17B0871}.Release|Any CPU.ActiveCfg = Release|Any CPU
		{1446FCA4-CA57-48C9-85EF-8DDFF17B0871}.Release|Any CPU.Build.0 = Release|Any CPU
		{9469F396-F196-40DD-BC7D-116C63606B89}.Debug|Any CPU.ActiveCfg = Debug|Any CPU
		{9469F396-F196-40DD-BC7D-116C63606B89}.Debug|Any CPU.Build.0 = Debug|Any CPU
		{9469F396-F196-40DD-BC7D-116C63606B89}.Release|Any CPU.ActiveCfg = Release|Any CPU
		{9469F396-F196-40DD-BC7D-116C63606B89}.Release|Any CPU.Build.0 = Release|Any CPU
		{DB7C6352-38C3-4B44-AAD6-AE82C295279C}.Debug|Any CPU.ActiveCfg = Debug|Any CPU
		{DB7C6352-38C3-4B44-AAD6-AE82C295279C}.Debug|Any CPU.Build.0 = Debug|Any CPU
		{DB7C6352-38C3-4B44-AAD6-AE82C295279C}.Release|Any CPU.ActiveCfg = Release|Any CPU
		{DB7C6352-38C3-4B44-AAD6-AE82C295279C}.Release|Any CPU.Build.0 = Release|Any CPU
		{624A27B6-9737-4414-A010-A8A25447757D}.Debug|Any CPU.ActiveCfg = Debug|Any CPU
		{624A27B6-9737-4414-A010-A8A25447757D}.Debug|Any CPU.Build.0 = Debug|Any CPU
		{624A27B6-9737-4414-A010-A8A25447757D}.Release|Any CPU.ActiveCfg = Release|Any CPU
		{624A27B6-9737-4414-A010-A8A25447757D}.Release|Any CPU.Build.0 = Release|Any CPU
		{BA3783C1-EF15-422F-970C-80C85F1251ED}.Debug|Any CPU.ActiveCfg = Debug|Any CPU
		{BA3783C1-EF15-422F-970C-80C85F1251ED}.Debug|Any CPU.Build.0 = Debug|Any CPU
		{BA3783C1-EF15-422F-970C-80C85F1251ED}.Release|Any CPU.ActiveCfg = Release|Any CPU
		{BA3783C1-EF15-422F-970C-80C85F1251ED}.Release|Any CPU.Build.0 = Release|Any CPU
		{1610B538-DC70-46A3-82B1-A67FB03D4C61}.Debug|Any CPU.ActiveCfg = Debug|Any CPU
		{1610B538-DC70-46A3-82B1-A67FB03D4C61}.Debug|Any CPU.Build.0 = Debug|Any CPU
		{1610B538-DC70-46A3-82B1-A67FB03D4C61}.Release|Any CPU.ActiveCfg = Release|Any CPU
		{1610B538-DC70-46A3-82B1-A67FB03D4C61}.Release|Any CPU.Build.0 = Release|Any CPU
	EndGlobalSection
	GlobalSection(SolutionProperties) = preSolution
		HideSolutionNode = FALSE
	EndGlobalSection
	GlobalSection(ExtensibilityGlobals) = postSolution
		SolutionGuid = {0FA7722A-9CE9-4BE2-BDAF-9B7321509C7E}
	EndGlobalSection
EndGlobal
